
Microsoft Visual Studio Solution File, Format Version 12.00
# Visual Studio Version 16
VisualStudioVersion = 16.0.30523.141
MinimumVisualStudioVersion = 10.0.40219.1
Project("{FAE04EC0-301F-11D3-BF4B-00C04F79EFBC}") = "Danila_Andrei_Laboratoare", "Danila_Andrei_Laboratoare.csproj", "{DE2200FC-D51E-4900-9A26-7A1D68128123}"
EndProject
Global
	GlobalSection(SolutionConfigurationPlatforms) = preSolution
		Debug|Any CPU = Debug|Any CPU
		Release|Any CPU = Release|Any CPU
	EndGlobalSection
	GlobalSection(ProjectConfigurationPlatforms) = postSolution
		{DE2200FC-D51E-4900-9A26-7A1D68128123}.Debug|Any CPU.ActiveCfg = Debug|Any CPU
		{DE2200FC-D51E-4900-9A26-7A1D68128123}.Debug|Any CPU.Build.0 = Debug|Any CPU
		{DE2200FC-D51E-4900-9A26-7A1D68128123}.Release|Any CPU.ActiveCfg = Release|Any CPU
		{DE2200FC-D51E-4900-9A26-7A1D68128123}.Release|Any CPU.Build.0 = Release|Any CPU
	EndGlobalSection
	GlobalSection(SolutionProperties) = preSolution
		HideSolutionNode = FALSE
	EndGlobalSection
	GlobalSection(ExtensibilityGlobals) = postSolution
		SolutionGuid = {72BA79B0-CB93-4C91-8314-FDE331111F68}
	EndGlobalSection
EndGlobal
